
Microsoft Visual Studio Solution File, Format Version 12.00
# Visual Studio Version 17
VisualStudioVersion = 17.14.36414.22 d17.14
MinimumVisualStudioVersion = 10.0.40219.1
Project("{FAE04EC0-301F-11D3-BF4B-00C04F79EFBC}") = "Tablas hash ejemplo", "Tablas hash ejemplo\Tablas hash ejemplo.csproj", "{A3B22F52-A9E3-449F-8F62-4D96DC5871F7}"
EndProject
Global
	GlobalSection(SolutionConfigurationPlatforms) = preSolution
		Debug|Any CPU = Debug|Any CPU
		Release|Any CPU = Release|Any CPU
	EndGlobalSection
	GlobalSection(ProjectConfigurationPlatforms) = postSolution
		{A3B22F52-A9E3-449F-8F62-4D96DC5871F7}.Debug|Any CPU.ActiveCfg = Debug|Any CPU
		{A3B22F52-A9E3-449F-8F62-4D96DC5871F7}.Debug|Any CPU.Build.0 = Debug|Any CPU
		{A3B22F52-A9E3-449F-8F62-4D96DC5871F7}.Release|Any CPU.ActiveCfg = Release|Any CPU
		{A3B22F52-A9E3-449F-8F62-4D96DC5871F7}.Release|Any CPU.Build.0 = Release|Any CPU
	EndGlobalSection
	GlobalSection(SolutionProperties) = preSolution
		HideSolutionNode = FALSE
	EndGlobalSection
	GlobalSection(ExtensibilityGlobals) = postSolution
		SolutionGuid = {C00AB75F-28FE-4613-B320-2A62653B2EA3}
	EndGlobalSection
EndGlobal
